<?xml version="1.0" encoding="utf-8"?>
<Project ToolsVersion="17.0" xmlns="http://schemas.microsoft.com/developer/msbuild/2003">
  <ItemGroup>
    <CustomBuild Include="E:\vsProject\project\VulkanRenderer\build_x64\CMakeFiles\279de525952fcae2d3718383aada38bf\generate.stamp.rule">
      <Filter>CMake Rules</Filter>
    </CustomBuild>
  </ItemGroup>
  <ItemGroup>
    <Filter Include="CMake Rules">
      <UniqueIdentifier>{C948CE1E-0E60-3DAB-9760-7D7E3A0C93F4}</UniqueIdentifier>
    </Filter>
  </ItemGroup>
</Project>
